
Microsoft Visual Studio Solution File, Format Version 12.00
# Visual Studio Version 16
VisualStudioVersion = 16.0.32929.386
MinimumVisualStudioVersion = 10.0.40219.1
Project("{FAE04EC0-301F-11D3-BF4B-00C04F79EFBC}") = "DhruvPatel_Clocks", "DhruvPatel_Clocks.csproj", "{DC4F48A3-B380-4486-B1E7-D4AC6AE3E205}"
EndProject
Global
	GlobalSection(SolutionConfigurationPlatforms) = preSolution
		Debug|Any CPU = Debug|Any CPU
		Release|Any CPU = Release|Any CPU
	EndGlobalSection
	GlobalSection(ProjectConfigurationPlatforms) = postSolution
		{DC4F48A3-B380-4486-B1E7-D4AC6AE3E205}.Debug|Any CPU.ActiveCfg = Debug|Any CPU
		{DC4F48A3-B380-4486-B1E7-D4AC6AE3E205}.Debug|Any CPU.Build.0 = Debug|Any CPU
		{DC4F48A3-B380-4486-B1E7-D4AC6AE3E205}.Release|Any CPU.ActiveCfg = Release|Any CPU
		{DC4F48A3-B380-4486-B1E7-D4AC6AE3E205}.Release|Any CPU.Build.0 = Release|Any CPU
	EndGlobalSection
	GlobalSection(SolutionProperties) = preSolution
		HideSolutionNode = FALSE
	EndGlobalSection
	GlobalSection(ExtensibilityGlobals) = postSolution
		SolutionGuid = {57916A55-81D1-4710-A12B-8FFE4DD18E0C}
	EndGlobalSection
EndGlobal
